// !$*UTF8*$!
{
	archiveVersion = 1;
	classes = {
	};
	objectVersion = 77;
	objects = {

/* Begin PBXBuildFile section */
		CE78A2A22DE72ABA00EADC4F /* AlertToast in Frameworks */ = {isa = PBXBuildFile; productRef = CE78A2A12DE72ABA00EADC4F /* AlertToast */; };
/* End PBXBuildFile section */

/* Begin PBXContainerItemProxy section */
		CE329AFD2DD668D900722E13 /* PBXContainerItemProxy */ = {
			isa = PBXContainerItemProxy;
			containerPortal = CE329AE42DD668D800722E13 /* Project object */;
			proxyType = 1;
			remoteGlobalIDString = CE329AEB2DD668D800722E13;
			remoteInfo = iosPractice;
		};
		CE329B072DD668D900722E13 /* PBXContainerItemProxy */ = {
			isa = PBXContainerItemProxy;
			containerPortal = CE329AE42DD668D800722E13 /* Project object */;
			proxyType = 1;
			remoteGlobalIDString = CE329AEB2DD668D800722E13;
			remoteInfo = iosPractice;
		};
/* End PBXContainerItemProxy section */

/* Begin PBXFileReference section */
		CE329AEC2DD668D800722E13 /* iosPractice.app */ = {isa = PBXFileReference; explicitFileType = wrapper.application; includeInIndex = 0; name = iosPractice.app; path = "/Users/muhammadbilal/Downloads/iosPractice/build/Debug-iphoneos/iosPractice.app"; sourceTree = "<absolute>"; };
		CE329AFC2DD668D900722E13 /* iosPracticeTests.xctest */ = {isa = PBXFileReference; explicitFileType = wrapper.cfbundle; includeInIndex = 0; name = iosPracticeTests.xctest; path = "/Users/muhammadbilal/Downloads/iosPractice/build/Debug-iphoneos/iosPractice.app/PlugIns/iosPracticeTests.xctest"; sourceTree = "<absolute>"; };
		CE329B062DD668D900722E13 /* iosPracticeUITests.xctest */ = {isa = PBXFileReference; explicitFileType = wrapper.cfbundle; includeInIndex = 0; name = iosPracticeUITests.xctest; path = "/Users/muhammadbilal/Downloads/iosPractice/build/Debug-iphoneos/iosPracticeUITests-Runner.app/PlugIns/iosPracticeUITests.xctest"; sourceTree = "<absolute>"; };
		CE78A2A02DE72AAE00EADC4F /* AlertToast */ = {isa = PBXFileReference; lastKnownFileType = wrapper; name = AlertToast; path = "/Users/muhammadbilal/Library/Developer/Xcode/DerivedData/iosPractice-abgavwnbqfhjrqcdxtzlohiwxzxr/SourcePackages/checkouts/AlertToast"; sourceTree = "<absolute>"; };
/* End PBXFileReference section */

/* Begin PBXFileSystemSynchronizedRootGroup section */
		CE329AEE2DD668D800722E13 /* iosPractice */ = {
			isa = PBXFileSystemSynchronizedRootGroup;
			path = iosPractice;
			sourceTree = "<group>";
		};
		CE329AFF2DD668D900722E13 /* iosPracticeTests */ = {
			isa = PBXFileSystemSynchronizedRootGroup;
			path = iosPracticeTests;
			sourceTree = "<group>";
		};
		CE329B092DD668D900722E13 /* iosPracticeUITests */ = {
			isa = PBXFileSystemSynchronizedRootGroup;
			path = iosPracticeUITests;
			sourceTree = "<group>";
		};
/* End PBXFileSystemSynchronizedRootGroup section */

/* Begin PBXFrameworksBuildPhase section */
		CE329AE92DD668D800722E13 /* Frameworks */ = {
			isa = PBXFrameworksBuildPhase;
			buildActionMask = 2147483647;
			files = (
				CE78A2A22DE72ABA00EADC4F /* AlertToast in Frameworks */,
			);
			runOnlyForDeploymentPostprocessing = 0;
		};
		CE329AF92DD668D900722E13 /* Frameworks */ = {
			isa = PBXFrameworksBuildPhase;
			buildActionMask = 2147483647;
			files = (
			);
			runOnlyForDeploymentPostprocessing = 0;
		};
		CE329B032DD668D900722E13 /* Frameworks */ = {
			isa = PBXFrameworksBuildPhase;
			buildActionMask = 2147483647;
			files = (
			);
			runOnlyForDeploymentPostprocessing = 0;
		};
/* End PBXFrameworksBuildPhase section */

/* Begin PBXGroup section */
		CE329AE32DD668D800722E13 = {
			isa = PBXGroup;
			children = (
				CE329AEE2DD668D800722E13 /* iosPractice */,
				CE329AFF2DD668D900722E13 /* iosPracticeTests */,
				CE329B092DD668D900722E13 /* iosPracticeUITests */,
				CE78A2A02DE72AAE00EADC4F /* AlertToast */,
			);
			sourceTree = "<group>";
		};
/* End PBXGroup section */

/* Begin PBXNativeTarget section */
		CE329AEB2DD668D800722E13 /* iosPractice */ = {
			isa = PBXNativeTarget;
			buildConfigurationList = CE329B102DD668D900722E13 /* Build configuration list for PBXNativeTarget "iosPractice" */;
			buildPhases = (
				CE329AE82DD668D800722E13 /* Sources */,
				CE329AE92DD668D800722E13 /* Frameworks */,
				CE329AEA2DD668D800722E13 /* Resources */,
			);
			buildRules = (
			);
			dependencies = (
			);
			fileSystemSynchronizedGroups = (
				CE329AEE2DD668D800722E13 /* iosPractice */,
			);
			name = iosPractice;
			packageProductDependencies = (
				CE78A2A12DE72ABA00EADC4F /* AlertToast */,
			);
			productName = iosPractice;
			productReference = CE329AEC2DD668D800722E13 /* iosPractice.app */;
			productType = "com.apple.product-type.application";
		};
		CE329AFB2DD668D900722E13 /* iosPracticeTests */ = {
			isa = PBXNativeTarget;
			buildConfigurationList = CE329B132DD668D900722E13 /* Build configuration list for PBXNativeTarget "iosPracticeTests" */;
			buildPhases = (
				CE329AF82DD668D900722E13 /* Sources */,
				CE329AF92DD668D900722E13 /* Frameworks */,
				CE329AFA2DD668D900722E13 /* Resources */,
			);
			buildRules = (
			);
			dependencies = (
				CE329AFE2DD668D900722E13 /* PBXTargetDependency */,
			);
			fileSystemSynchronizedGroups = (
				CE329AFF2DD668D900722E13 /* iosPracticeTests */,
			);
			name = iosPracticeTests;
			packageProductDependencies = (
			);
			productName = iosPracticeTests;
			productReference = CE329AFC2DD668D900722E13 /* iosPracticeTests.xctest */;
			productType = "com.apple.product-type.bundle.unit-test";
		};
		CE329B052DD668D900722E13 /* iosPracticeUITests */ = {
			isa = PBXNativeTarget;
			buildConfigurationList = CE329B162DD668D900722E13 /* Build configuration list for PBXNativeTarget "iosPracticeUITests" */;
			buildPhases = (
				CE329B022DD668D900722E13 /* Sources */,
				CE329B032DD668D900722E13 /* Frameworks */,
				CE329B042DD668D900722E13 /* Resources */,
			);
			buildRules = (
			);
			dependencies = (
				CE329B082DD668D900722E13 /* PBXTargetDependency */,
			);
			fileSystemSynchronizedGroups = (
				CE329B092DD668D900722E13 /* iosPracticeUITests */,
			);
			name = iosPracticeUITests;
			packageProductDependencies = (
			);
			productName = iosPracticeUITests;
			productReference = CE329B062DD668D900722E13 /* iosPracticeUITests.xctest */;
			productType = "com.apple.product-type.bundle.ui-testing";
		};
/* End PBXNativeTarget section */

/* Begin PBXProject section */
		CE329AE42DD668D800722E13 /* Project object */ = {
			isa = PBXProject;
			attributes = {
				BuildIndependentTargetsInParallel = 1;
				LastSwiftUpdateCheck = 1620;
				LastUpgradeCheck = 1620;
				TargetAttributes = {
					CE329AEB2DD668D800722E13 = {
						CreatedOnToolsVersion = 16.2;
					};
					CE329AFB2DD668D900722E13 = {
						CreatedOnToolsVersion = 16.2;
						TestTargetID = CE329AEB2DD668D800722E13;
					};
					CE329B052DD668D900722E13 = {
						CreatedOnToolsVersion = 16.2;
						TestTargetID = CE329AEB2DD668D800722E13;
					};
				};
			};
			buildConfigurationList = CE329AE72DD668D800722E13 /* Build configuration list for PBXProject "iosPractice" */;
			developmentRegion = en;
			hasScannedForEncodings = 0;
			knownRegions = (
				en,
				Base,
			);
			mainGroup = CE329AE32DD668D800722E13;
			minimizedProjectReferenceProxies = 1;
			packageReferences = (
				CE78A29F2DE72A8C00EADC4F /* XCRemoteSwiftPackageReference "AlertToast" */,
			);
			preferredProjectObjectVersion = 77;
			productRefGroup = CE329AE32DD668D800722E13;
			projectDirPath = "";
			projectRoot = "";
			targets = (
				CE329AEB2DD668D800722E13 /* iosPractice */,
				CE329AFB2DD668D900722E13 /* iosPracticeTests */,
				CE329B052DD668D900722E13 /* iosPracticeUITests */,
			);
		};
/* End PBXProject section */

/* Begin PBXResourcesBuildPhase section */
		CE329AEA2DD668D800722E13 /* Resources */ = {
			isa = PBXResourcesBuildPhase;
			buildActionMask = 2147483647;
			files = (
			);
			runOnlyForDeploymentPostprocessing = 0;
		};
		CE329AFA2DD668D900722E13 /* Resources */ = {
			isa = PBXResourcesBuildPhase;
			buildActionMask = 2147483647;
			files = (
			);
			runOnlyForDeploymentPostprocessing = 0;
		};
		CE329B042DD668D900722E13 /* Resources */ = {
			isa = PBXResourcesBuildPhase;
			buildActionMask = 2147483647;
			files = (
			);
			runOnlyForDeploymentPostprocessing = 0;
		};
/* End PBXResourcesBuildPhase section */

/* Begin PBXSourcesBuildPhase section */
		CE329AE82DD668D800722E13 /* Sources */ = {
			isa = PBXSourcesBuildPhase;
			buildActionMask = 2147483647;
			files = (
			);
			runOnlyForDeploymentPostprocessing = 0;
		};
		CE329AF82DD668D900722E13 /* Sources */ = {
			isa = PBXSourcesBuildPhase;
			buildActionMask = 2147483647;
			files = (
			);
			runOnlyForDeploymentPostprocessing = 0;
		};
		CE329B022DD668D900722E13 /* Sources */ = {
			isa = PBXSourcesBuildPhase;
			buildActionMask = 2147483647;
			files = (
			);
			runOnlyForDeploymentPostprocessing = 0;
		};
/* End PBXSourcesBuildPhase section */

/* Begin PBXTargetDependency section */
		CE329AFE2DD668D900722E13 /* PBXTargetDependency */ = {
			isa = PBXTargetDependency;
			target = CE329AEB2DD668D800722E13 /* iosPractice */;
			targetProxy = CE329AFD2DD668D900722E13 /* PBXContainerItemProxy */;
		};
		CE329B082DD668D900722E13 /* PBXTargetDependency */ = {
			isa = PBXTargetDependency;
			target = CE329AEB2DD668D800722E13 /* iosPractice */;
			targetProxy = CE329B072DD668D900722E13 /* PBXContainerItemProxy */;
		};
/* End PBXTargetDependency section */

/* Begin XCBuildConfiguration section */
		CE329B0E2DD668D900722E13 /* Debug */ = {
			isa = XCBuildConfiguration;
			buildSettings = {
				ALWAYS_SEARCH_USER_PATHS = NO;
				ASSETCATALOG_COMPILER_GENERATE_SWIFT_ASSET_SYMBOL_EXTENSIONS = YES;
				CLANG_ANALYZER_NONNULL = YES;
				CLANG_ANALYZER_NUMBER_OBJECT_CONVERSION = YES_AGGRESSIVE;
				CLANG_CXX_LANGUAGE_STANDARD = "gnu++20";
				CLANG_ENABLE_MODULES = YES;
				CLANG_ENABLE_OBJC_ARC = YES;
				CLANG_ENABLE_OBJC_WEAK = YES;
				CLANG_WARN_BLOCK_CAPTURE_AUTORELEASING = YES;
				CLANG_WARN_BOOL_CONVERSION = YES;
				CLANG_WARN_COMMA = YES;
				CLANG_WARN_CONSTANT_CONVERSION = YES;
				CLANG_WARN_DEPRECATED_OBJC_IMPLEMENTATIONS = YES;
				CLANG_WARN_DIRECT_OBJC_ISA_USAGE = YES_ERROR;
				CLANG_WARN_DOCUMENTATION_COMMENTS = YES;
				CLANG_WARN_EMPTY_BODY = YES;
				CLANG_WARN_ENUM_CONVERSION = YES;
				CLANG_WARN_INFINITE_RECURSION = YES;
				CLANG_WARN_INT_CONVERSION = YES;
				CLANG_WARN_NON_LITERAL_NULL_CONVERSION = YES;
				CLANG_WARN_OBJC_IMPLICIT_RETAIN_SELF = YES;
				CLANG_WARN_OBJC_LITERAL_CONVERSION = YES;
				CLANG_WARN_OBJC_ROOT_CLASS = YES_ERROR;
				CLANG_WARN_QUOTED_INCLUDE_IN_FRAMEWORK_HEADER = YES;
				CLANG_WARN_RANGE_LOOP_ANALYSIS = YES;
				CLANG_WARN_STRICT_PROTOTYPES = YES;
				CLANG_WARN_SUSPICIOUS_MOVE = YES;
				CLANG_WARN_UNGUARDED_AVAILABILITY = YES_AGGRESSIVE;
				CLANG_WARN_UNREACHABLE_CODE = YES;
				CLANG_WARN__DUPLICATE_METHOD_MATCH = YES;
				COPY_PHASE_STRIP = NO;
				DEBUG_INFORMATION_FORMAT = dwarf;
				ENABLE_STRICT_OBJC_MSGSEND = YES;
				ENABLE_TESTABILITY = YES;
				ENABLE_USER_SCRIPT_SANDBOXING = YES;
				GCC_C_LANGUAGE_STANDARD = gnu17;
				GCC_DYNAMIC_NO_PIC = NO;
				GCC_NO_COMMON_BLOCKS = YES;
				GCC_OPTIMIZATION_LEVEL = 0;
				GCC_PREPROCESSOR_DEFINITIONS = (
					"DEBUG=1",
					"$(inherited)",
				);
				GCC_WARN_64_TO_32_BIT_CONVERSION = YES;
				GCC_WARN_ABOUT_RETURN_TYPE = YES_ERROR;
				GCC_WARN_UNDECLARED_SELECTOR = YES;
				GCC_WARN_UNINITIALIZED_AUTOS = YES_AGGRESSIVE;
				GCC_WARN_UNUSED_FUNCTION = YES;
				GCC_WARN_UNUSED_VARIABLE = YES;
				IPHONEOS_DEPLOYMENT_TARGET = 18.2;
				LOCALIZATION_PREFERS_STRING_CATALOGS = YES;
				MTL_ENABLE_DEBUG_INFO = INCLUDE_SOURCE;
				MTL_FAST_MATH = YES;
				ONLY_ACTIVE_ARCH = YES;
				SDKROOT = iphoneos;
				SWIFT_ACTIVE_COMPILATION_CONDITIONS = "DEBUG $(inherited)";
				SWIFT_OPTIMIZATION_LEVEL = "-Onone";
			};
			name = Debug;
		};
		CE329B0F2DD668D900722E13 /* Release */ = {
			isa = XCBuildConfiguration;
			buildSettings = {
				ALWAYS_SEARCH_USER_PATHS = NO;
				ASSETCATALOG_COMPILER_GENERATE_SWIFT_ASSET_SYMBOL_EXTENSIONS = YES;
				CLANG_ANALYZER_NONNULL = YES;
				CLANG_ANALYZER_NUMBER_OBJECT_CONVERSION = YES_AGGRESSIVE;
				CLANG_CXX_LANGUAGE_STANDARD = "gnu++20";
				CLANG_ENABLE_MODULES = YES;
				CLANG_ENABLE_OBJC_ARC = YES;
				CLANG_ENABLE_OBJC_WEAK = YES;
				CLANG_WARN_BLOCK_CAPTURE_AUTORELEASING = YES;
				CLANG_WARN_BOOL_CONVERSION = YES;
				CLANG_WARN_COMMA = YES;
				CLANG_WARN_CONSTANT_CONVERSION = YES;
				CLANG_WARN_DEPRECATED_OBJC_IMPLEMENTATIONS = YES;
				CLANG_WARN_DIRECT_OBJC_ISA_USAGE = YES_ERROR;
				CLANG_WARN_DOCUMENTATION_COMMENTS = YES;
				CLANG_WARN_EMPTY_BODY = YES;
				CLANG_WARN_ENUM_CONVERSION = YES;
				CLANG_WARN_INFINITE_RECURSION = YES;
				CLANG_WARN_INT_CONVERSION = YES;
				CLANG_WARN_NON_LITERAL_NULL_CONVERSION = YES;
				CLANG_WARN_OBJC_IMPLICIT_RETAIN_SELF = YES;
				CLANG_WARN_OBJC_LITERAL_CONVERSION = YES;
				CLANG_WARN_OBJC_ROOT_CLASS = YES_ERROR;
				CLANG_WARN_QUOTED_INCLUDE_IN_FRAMEWORK_HEADER = YES;
				CLANG_WARN_RANGE_LOOP_ANALYSIS = YES;
				CLANG_WARN_STRICT_PROTOTYPES = YES;
				CLANG_WARN_SUSPICIOUS_MOVE = YES;
				CLANG_WARN_UNGUARDED_AVAILABILITY = YES_AGGRESSIVE;
				CLANG_WARN_UNREACHABLE_CODE = YES;
				CLANG_WARN__DUPLICATE_METHOD_MATCH = YES;
				COPY_PHASE_STRIP = NO;
				DEBUG_INFORMATION_FORMAT = "dwarf-with-dsym";
				ENABLE_NS_ASSERTIONS = NO;
				ENABLE_STRICT_OBJC_MSGSEND = YES;
				ENABLE_USER_SCRIPT_SANDBOXING = YES;
				GCC_C_LANGUAGE_STANDARD = gnu17;
				GCC_NO_COMMON_BLOCKS = YES;
				GCC_WARN_64_TO_32_BIT_CONVERSION = YES;
				GCC_WARN_ABOUT_RETURN_TYPE = YES_ERROR;
				GCC_WARN_UNDECLARED_SELECTOR = YES;
				GCC_WARN_UNINITIALIZED_AUTOS = YES_AGGRESSIVE;
				GCC_WARN_UNUSED_FUNCTION = YES;
				GCC_WARN_UNUSED_VARIABLE = YES;
				IPHONEOS_DEPLOYMENT_TARGET = 18.2;
				LOCALIZATION_PREFERS_STRING_CATALOGS = YES;
				MTL_ENABLE_DEBUG_INFO = NO;
				MTL_FAST_MATH = YES;
				SDKROOT = iphoneos;
				SWIFT_COMPILATION_MODE = wholemodule;
				VALIDATE_PRODUCT = YES;
			};
			name = Release;
		};
		CE329B112DD668D900722E13 /* Debug */ = {
			isa = XCBuildConfiguration;
			buildSettings = {
				ASSETCATALOG_COMPILER_APPICON_NAME = AppIcon;
				ASSETCATALOG_COMPILER_GLOBAL_ACCENT_COLOR_NAME = AccentColor;
				CODE_SIGN_STYLE = Automatic;
				CURRENT_PROJECT_VERSION = 1;
				DEVELOPMENT_ASSET_PATHS = "\"iosPractice/Preview Content\"";
				DEVELOPMENT_TEAM = 9622KHRRXQ;
				ENABLE_PREVIEWS = YES;
				GENERATE_INFOPLIST_FILE = YES;
				INFOPLIST_KEY_UIApplicationSceneManifest_Generation = YES;
				INFOPLIST_KEY_UIApplicationSupportsIndirectInputEvents = YES;
				INFOPLIST_KEY_UILaunchScreen_Generation = YES;
				INFOPLIST_KEY_UISupportedInterfaceOrientations = UIInterfaceOrientationPortrait;
				INFOPLIST_KEY_UISupportedInterfaceOrientations_iPad = "UIInterfaceOrientationLandscapeLeft UIInterfaceOrientationLandscapeRight UIInterfaceOrientationPortrait UIInterfaceOrientationPortraitUpsideDown";
				IPHONEOS_DEPLOYMENT_TARGET = 18.0;
				LD_RUNPATH_SEARCH_PATHS = (
					"$(inherited)",
					"@executable_path/Frameworks",
				);
				MARKETING_VERSION = 1.0;
				PRODUCT_BUNDLE_IDENTIFIER = com.swift.practice.iosPractice;
				PRODUCT_NAME = "$(TARGET_NAME)";
				SUPPORTED_PLATFORMS = "iphoneos iphonesimulator";
				SUPPORTS_MACCATALYST = NO;
				SUPPORTS_MAC_DESIGNED_FOR_IPHONE_IPAD = NO;
				SWIFT_EMIT_LOC_STRINGS = YES;
				SWIFT_VERSION = 5.0;
				TARGETED_DEVICE_FAMILY = 1;
			};
			name = Debug;
		};
		CE329B122DD668D900722E13 /* Release */ = {
			isa = XCBuildConfiguration;
			buildSettings = {
				ASSETCATALOG_COMPILER_APPICON_NAME = AppIcon;
				ASSETCATALOG_COMPILER_GLOBAL_ACCENT_COLOR_NAME = AccentColor;
				CODE_SIGN_STYLE = Automatic;
				CURRENT_PROJECT_VERSION = 1;
				DEVELOPMENT_ASSET_PATHS = "\"iosPractice/Preview Content\"";
				DEVELOPMENT_TEAM = 9622KHRRXQ;
				ENABLE_PREVIEWS = YES;
				GENERATE_INFOPLIST_FILE = YES;
				INFOPLIST_KEY_UIApplicationSceneManifest_Generation = YES;
				INFOPLIST_KEY_UIApplicationSupportsIndirectInputEvents = YES;
				INFOPLIST_KEY_UILaunchScreen_Generation = YES;
				INFOPLIST_KEY_UISupportedInterfaceOrientations = UIInterfaceOrientationPortrait;
				INFOPLIST_KEY_UISupportedInterfaceOrientations_iPad = "UIInterfaceOrientationLandscapeLeft UIInterfaceOrientationLandscapeRight UIInterfaceOrientationPortrait UIInterfaceOrientationPortraitUpsideDown";
				IPHONEOS_DEPLOYMENT_TARGET = 18.0;
				LD_RUNPATH_SEARCH_PATHS = (
					"$(inherited)",
					"@executable_path/Frameworks",
				);
				MARKETING_VERSION = 1.0;
				PRODUCT_BUNDLE_IDENTIFIER = com.swift.practice.iosPractice;
				PRODUCT_NAME = "$(TARGET_NAME)";
				SUPPORTED_PLATFORMS = "iphoneos iphonesimulator";
				SUPPORTS_MACCATALYST = NO;
				SUPPORTS_MAC_DESIGNED_FOR_IPHONE_IPAD = NO;
				SWIFT_EMIT_LOC_STRINGS = YES;
				SWIFT_VERSION = 5.0;
				TARGETED_DEVICE_FAMILY = 1;
			};
			name = Release;
		};
		CE329B142DD668D900722E13 /* Debug */ = {
			isa = XCBuildConfiguration;
			buildSettings = {
				BUNDLE_LOADER = "$(TEST_HOST)";
				CODE_SIGN_STYLE = Automatic;
				CURRENT_PROJECT_VERSION = 1;
				DEVELOPMENT_TEAM = 9622KHRRXQ;
				GENERATE_INFOPLIST_FILE = YES;
				IPHONEOS_DEPLOYMENT_TARGET = 18.2;
				MARKETING_VERSION = 1.0;
				PRODUCT_BUNDLE_IDENTIFIER = com.swift.practice.iosPracticeTests;
				PRODUCT_NAME = "$(TARGET_NAME)";
				SWIFT_EMIT_LOC_STRINGS = NO;
				SWIFT_VERSION = 5.0;
				TARGETED_DEVICE_FAMILY = "1,2";
				TEST_HOST = "$(BUILT_PRODUCTS_DIR)/iosPractice.app/$(BUNDLE_EXECUTABLE_FOLDER_PATH)/iosPractice";
			};
			name = Debug;
		};
		CE329B152DD668D900722E13 /* Release */ = {
			isa = XCBuildConfiguration;
			buildSettings = {
				BUNDLE_LOADER = "$(TEST_HOST)";
				CODE_SIGN_STYLE = Automatic;
				CURRENT_PROJECT_VERSION = 1;
				DEVELOPMENT_TEAM = 9622KHRRXQ;
				GENERATE_INFOPLIST_FILE = YES;
				IPHONEOS_DEPLOYMENT_TARGET = 18.2;
				MARKETING_VERSION = 1.0;
				PRODUCT_BUNDLE_IDENTIFIER = com.swift.practice.iosPracticeTests;
				PRODUCT_NAME = "$(TARGET_NAME)";
				SWIFT_EMIT_LOC_STRINGS = NO;
				SWIFT_VERSION = 5.0;
				TARGETED_DEVICE_FAMILY = "1,2";
				TEST_HOST = "$(BUILT_PRODUCTS_DIR)/iosPractice.app/$(BUNDLE_EXECUTABLE_FOLDER_PATH)/iosPractice";
			};
			name = Release;
		};
		CE329B172DD668D900722E13 /* Debug */ = {
			isa = XCBuildConfiguration;
			buildSettings = {
				CODE_SIGN_STYLE = Automatic;
				CURRENT_PROJECT_VERSION = 1;
				DEVELOPMENT_TEAM = 9622KHRRXQ;
				GENERATE_INFOPLIST_FILE = YES;
				MARKETING_VERSION = 1.0;
				PRODUCT_BUNDLE_IDENTIFIER = com.swift.practice.iosPracticeUITests;
				PRODUCT_NAME = "$(TARGET_NAME)";
				SWIFT_EMIT_LOC_STRINGS = NO;
				SWIFT_VERSION = 5.0;
				TARGETED_DEVICE_FAMILY = "1,2";
				TEST_TARGET_NAME = iosPractice;
			};
			name = Debug;
		};
		CE329B182DD668D900722E13 /* Release */ = {
			isa = XCBuildConfiguration;
			buildSettings = {
				CODE_SIGN_STYLE = Automatic;
				CURRENT_PROJECT_VERSION = 1;
				DEVELOPMENT_TEAM = 9622KHRRXQ;
				GENERATE_INFOPLIST_FILE = YES;
				MARKETING_VERSION = 1.0;
				PRODUCT_BUNDLE_IDENTIFIER = com.swift.practice.iosPracticeUITests;
				PRODUCT_NAME = "$(TARGET_NAME)";
				SWIFT_EMIT_LOC_STRINGS = NO;
				SWIFT_VERSION = 5.0;
				TARGETED_DEVICE_FAMILY = "1,2";
				TEST_TARGET_NAME = iosPractice;
			};
			name = Release;
		};
/* End XCBuildConfiguration section */

/* Begin XCConfigurationList section */
		CE329AE72DD668D800722E13 /* Build configuration list for PBXProject "iosPractice" */ = {
			isa = XCConfigurationList;
			buildConfigurations = (
				CE329B0E2DD668D900722E13 /* Debug */,
				CE329B0F2DD668D900722E13 /* Release */,
			);
			defaultConfigurationIsVisible = 0;
			defaultConfigurationName = Release;
		};
		CE329B102DD668D900722E13 /* Build configuration list for PBXNativeTarget "iosPractice" */ = {
			isa = XCConfigurationList;
			buildConfigurations = (
				CE329B112DD668D900722E13 /* Debug */,
				CE329B122DD668D900722E13 /* Release */,
			);
			defaultConfigurationIsVisible = 0;
			defaultConfigurationName = Release;
		};
		CE329B132DD668D900722E13 /* Build configuration list for PBXNativeTarget "iosPracticeTests" */ = {
			isa = XCConfigurationList;
			buildConfigurations = (
				CE329B142DD668D900722E13 /* Debug */,
				CE329B152DD668D900722E13 /* Release */,
			);
			defaultConfigurationIsVisible = 0;
			defaultConfigurationName = Release;
		};
		CE329B162DD668D900722E13 /* Build configuration list for PBXNativeTarget "iosPracticeUITests" */ = {
			isa = XCConfigurationList;
			buildConfigurations = (
				CE329B172DD668D900722E13 /* Debug */,
				CE329B182DD668D900722E13 /* Release */,
			);
			defaultConfigurationIsVisible = 0;
			defaultConfigurationName = Release;
		};
/* End XCConfigurationList section */

/* Begin XCRemoteSwiftPackageReference section */
		CE78A29F2DE72A8C00EADC4F /* XCRemoteSwiftPackageReference "AlertToast" */ = {
			isa = XCRemoteSwiftPackageReference;
			repositoryURL = "https://github.com/elai950/AlertToast";
			requirement = {
				kind = upToNextMajorVersion;
				minimumVersion = 1.3.9;
			};
		};
/* End XCRemoteSwiftPackageReference section */

/* Begin XCSwiftPackageProductDependency section */
		CE78A2A12DE72ABA00EADC4F /* AlertToast */ = {
			isa = XCSwiftPackageProductDependency;
			package = CE78A29F2DE72A8C00EADC4F /* XCRemoteSwiftPackageReference "AlertToast" */;
			productName = AlertToast;
		};
/* End XCSwiftPackageProductDependency section */
	};
	rootObject = CE329AE42DD668D800722E13 /* Project object */;
}
